
Microsoft Visual Studio Solution File, Format Version 12.00
# Visual Studio Version 16
VisualStudioVersion = 16.0.36602.28
MinimumVisualStudioVersion = 10.0.40219.1
Project("{FAE04EC0-301F-11D3-BF4B-00C04F79EFBC}") = "ComputerVision_LED_Console", "ComputerVision_LED_Console.csproj", "{DC7E9BEC-01EF-4A30-9E21-4A8F2E07D68E}"
EndProject
Global
	GlobalSection(SolutionConfigurationPlatforms) = preSolution
		Debug|Any CPU = Debug|Any CPU
		Release|Any CPU = Release|Any CPU
	EndGlobalSection
	GlobalSection(ProjectConfigurationPlatforms) = postSolution
		{DC7E9BEC-01EF-4A30-9E21-4A8F2E07D68E}.Debug|Any CPU.ActiveCfg = Debug|Any CPU
		{DC7E9BEC-01EF-4A30-9E21-4A8F2E07D68E}.Debug|Any CPU.Build.0 = Debug|Any CPU
		{DC7E9BEC-01EF-4A30-9E21-4A8F2E07D68E}.Release|Any CPU.ActiveCfg = Release|Any CPU
		{DC7E9BEC-01EF-4A30-9E21-4A8F2E07D68E}.Release|Any CPU.Build.0 = Release|Any CPU
	EndGlobalSection
	GlobalSection(SolutionProperties) = preSolution
		HideSolutionNode = FALSE
	EndGlobalSection
	GlobalSection(ExtensibilityGlobals) = postSolution
		SolutionGuid = {24865767-011E-4D1C-94DE-6C86B4015803}
	EndGlobalSection
EndGlobal
